{
  "name": "stock-alerts",
  "lockfileVersion": 2,
  "requires": true,
  "packages": {
    "": {
      "dependencies": {
        "@aws-cdk/aws-sns": "^1.105.0"
      }
    },
    "node_modules/@aws-cdk/aws-cloudwatch": {
      "version": "1.105.0",
      "resolved": "https://registry.npmjs.org/@aws-cdk/aws-cloudwatch/-/aws-cloudwatch-1.105.0.tgz",
      "integrity": "sha512-D3EoCQbKZFnTdgs0/g1XErWgECrerbXXqPhmrldR1jjuxv75eOk6JTH4l7kTB2GSkRZpvcPc9NEKBfzzvtTrSg==",
      "peer": true,
      "dependencies": {
        "@aws-cdk/aws-iam": "1.105.0",
        "@aws-cdk/core": "1.105.0",
        "constructs": "^3.3.69"
      },
      "engines": {
        "node": ">= 10.13.0 <13 || >=13.7.0"
      },
      "peerDependencies": {
        "@aws-cdk/aws-iam": "1.105.0",
        "@aws-cdk/core": "1.105.0",
        "constructs": "^3.3.69"
      }
    },
    "node_modules/@aws-cdk/aws-events": {
      "version": "1.105.0",
      "resolved": "https://registry.npmjs.org/@aws-cdk/aws-events/-/aws-events-1.105.0.tgz",
      "integrity": "sha512-HlBUnEphoTPt1KRcWxmc4orNMY+jU3s/AlndsUx0uzSQMfOCqfPVY2wPtglaWetCJ7zybnuho15k8dhf1aRK6A==",
      "peer": true,
      "dependencies": {
        "@aws-cdk/aws-iam": "1.105.0",
        "@aws-cdk/core": "1.105.0",
        "constructs": "^3.3.69"
      },
      "engines": {
        "node": ">= 10.13.0 <13 || >=13.7.0"
      },
      "peerDependencies": {
        "@aws-cdk/aws-iam": "1.105.0",
        "@aws-cdk/core": "1.105.0",
        "constructs": "^3.3.69"
      }
    },
    "node_modules/@aws-cdk/aws-iam": {
      "version": "1.105.0",
      "resolved": "https://registry.npmjs.org/@aws-cdk/aws-iam/-/aws-iam-1.105.0.tgz",
      "integrity": "sha512-I6d5Z9BR98pN116qGmTYtlK2yDCg6dzSiRYv1vnUqty2Q/KPPwLeIJdc1CI0tyon8o8mYK1ZV+STX24ChTaY7w==",
      "peer": true,
      "dependencies": {
        "@aws-cdk/core": "1.105.0",
        "@aws-cdk/region-info": "1.105.0",
        "constructs": "^3.3.69"
      },
      "engines": {
        "node": ">= 10.13.0 <13 || >=13.7.0"
      },
      "peerDependencies": {
        "@aws-cdk/core": "1.105.0",
        "@aws-cdk/region-info": "1.105.0",
        "constructs": "^3.3.69"
      }
    },
    "node_modules/@aws-cdk/aws-kms": {
      "version": "1.105.0",
      "resolved": "https://registry.npmjs.org/@aws-cdk/aws-kms/-/aws-kms-1.105.0.tgz",
      "integrity": "sha512-526GkjSHD/ylT+4X6JlcOa+ohBOTlqD3Z6vGYv1ahDR/chXNho4fdGf32cRKFU6zu/SAwLU6bjCQB4mVve1jCQ==",
      "peer": true,
      "dependencies": {
        "@aws-cdk/aws-iam": "1.105.0",
        "@aws-cdk/core": "1.105.0",
        "@aws-cdk/cx-api": "1.105.0",
        "constructs": "^3.3.69"
      },
      "engines": {
        "node": ">= 10.13.0 <13 || >=13.7.0"
      },
      "peerDependencies": {
        "@aws-cdk/aws-iam": "1.105.0",
        "@aws-cdk/core": "1.105.0",
        "@aws-cdk/cx-api": "1.105.0",
        "constructs": "^3.3.69"
      }
    },
    "node_modules/@aws-cdk/aws-sns": {
      "version": "1.105.0",
      "resolved": "https://registry.npmjs.org/@aws-cdk/aws-sns/-/aws-sns-1.105.0.tgz",
      "integrity": "sha512-x0fcRldfGNVe+gTRZX6/gkZaT1AEoYL1rYfl1kRsmW2V83SrqKsscKwJmTC2fJSod/Vkh7V56z/A8gN0nXwz3w==",
      "dependencies": {
        "@aws-cdk/aws-cloudwatch": "1.105.0",
        "@aws-cdk/aws-events": "1.105.0",
        "@aws-cdk/aws-iam": "1.105.0",
        "@aws-cdk/aws-kms": "1.105.0",
        "@aws-cdk/aws-sqs": "1.105.0",
        "@aws-cdk/core": "1.105.0",
        "constructs": "^3.3.69"
      },
      "engines": {
        "node": ">= 10.13.0 <13 || >=13.7.0"
      },
      "peerDependencies": {
        "@aws-cdk/aws-cloudwatch": "1.105.0",
        "@aws-cdk/aws-events": "1.105.0",
        "@aws-cdk/aws-iam": "1.105.0",
        "@aws-cdk/aws-kms": "1.105.0",
        "@aws-cdk/aws-sqs": "1.105.0",
        "@aws-cdk/core": "1.105.0",
        "constructs": "^3.3.69"
      }
    },
    "node_modules/@aws-cdk/aws-sqs": {
      "version": "1.105.0",
      "resolved": "https://registry.npmjs.org/@aws-cdk/aws-sqs/-/aws-sqs-1.105.0.tgz",
      "integrity": "sha512-eYGMah/lGkkW4gSipa0mcZndTx29C3Yit1U1UdTMz3guItnOlxVqEnT309dWW1N2+dfgiZo2ljZuk73Uyxa4kQ==",
      "peer": true,
      "dependencies": {
        "@aws-cdk/aws-cloudwatch": "1.105.0",
        "@aws-cdk/aws-iam": "1.105.0",
        "@aws-cdk/aws-kms": "1.105.0",
        "@aws-cdk/core": "1.105.0",
        "constructs": "^3.3.69"
      },
      "engines": {
        "node": ">= 10.13.0 <13 || >=13.7.0"
      },
      "peerDependencies": {
        "@aws-cdk/aws-cloudwatch": "1.105.0",
        "@aws-cdk/aws-iam": "1.105.0",
        "@aws-cdk/aws-kms": "1.105.0",
        "@aws-cdk/core": "1.105.0",
        "constructs": "^3.3.69"
      }
    },
    "node_modules/@aws-cdk/cloud-assembly-schema": {
      "version": "1.105.0",
      "resolved": "https://registry.npmjs.org/@aws-cdk/cloud-assembly-schema/-/cloud-assembly-schema-1.105.0.tgz",
      "integrity": "sha512-BEbnm1DK31thRfM+3oJEUifiZOkIxjWTdOUvQW6mtM6yq5iWsapRF1kXCFonpNIbL22moH/pxmVMo2qg9kzFQg==",
      "bundleDependencies": [
        "jsonschema",
        "semver"
      ],
      "peer": true,
      "dependencies": {
        "jsonschema": "^1.4.0",
        "semver": "^7.3.5"
      },
      "engines": {
        "node": ">= 10.13.0 <13 || >=13.7.0"
      }
    },
    "node_modules/@aws-cdk/cloud-assembly-schema/node_modules/jsonschema": {
      "version": "1.4.0",
      "inBundle": true,
      "license": "MIT",
      "peer": true,
      "engines": {
        "node": "*"
      }
    },
    "node_modules/@aws-cdk/cloud-assembly-schema/node_modules/lru-cache": {
      "version": "6.0.0",
      "inBundle": true,
      "license": "ISC",
      "peer": true,
      "dependencies": {
        "yallist": "^4.0.0"
      },
      "engines": {
        "node": ">=10"
      }
    },
    "node_modules/@aws-cdk/cloud-assembly-schema/node_modules/semver": {
      "version": "7.3.5",
      "inBundle": true,
      "license": "ISC",
      "peer": true,
      "dependencies": {
        "lru-cache": "^6.0.0"
      },
      "bin": {
        "semver": "bin/semver.js"
      },
      "engines": {
        "node": ">=10"
      }
    },
    "node_modules/@aws-cdk/cloud-assembly-schema/node_modules/yallist": {
      "version": "4.0.0",
      "inBundle": true,
      "license": "ISC",
      "peer": true
    },
    "node_modules/@aws-cdk/core": {
      "version": "1.105.0",
      "resolved": "https://registry.npmjs.org/@aws-cdk/core/-/core-1.105.0.tgz",
      "integrity": "sha512-aMuGcm0xpTgIDFwD86mncAEHqcVxxzVcIPknbTMgOUoL99M/ykoOqwU8lmRZVEeKPmRiwFeBgfEvIsT9hJ6t/Q==",
      "bundleDependencies": [
        "fs-extra",
        "minimatch",
        "@balena/dockerignore",
        "ignore"
      ],
      "peer": true,
      "dependencies": {
        "@aws-cdk/cloud-assembly-schema": "1.105.0",
        "@aws-cdk/cx-api": "1.105.0",
        "@aws-cdk/region-info": "1.105.0",
        "@balena/dockerignore": "^1.0.2",
        "constructs": "^3.3.69",
        "fs-extra": "^9.1.0",
        "ignore": "^5.1.8",
        "minimatch": "^3.0.4"
      },
      "engines": {
        "node": ">= 10.13.0 <13 || >=13.7.0"
      },
      "peerDependencies": {
        "@aws-cdk/cloud-assembly-schema": "1.105.0",
        "@aws-cdk/cx-api": "1.105.0",
        "@aws-cdk/region-info": "1.105.0",
        "constructs": "^3.3.69"
      }
    },
    "node_modules/@aws-cdk/core/node_modules/@balena/dockerignore": {
      "version": "1.0.2",
      "inBundle": true,
      "license": "Apache-2.0",
      "peer": true
    },
    "node_modules/@aws-cdk/core/node_modules/at-least-node": {
      "version": "1.0.0",
      "inBundle": true,
      "license": "ISC",
      "peer": true,
      "engines": {
        "node": ">= 4.0.0"
      }
    },
    "node_modules/@aws-cdk/core/node_modules/balanced-match": {
      "version": "1.0.2",
      "inBundle": true,
      "license": "MIT",
      "peer": true
    },
    "node_modules/@aws-cdk/core/node_modules/brace-expansion": {
      "version": "1.1.11",
      "inBundle": true,
      "license": "MIT",
      "peer": true,
      "dependencies": {
        "balanced-match": "^1.0.0",
        "concat-map": "0.0.1"
      }
    },
    "node_modules/@aws-cdk/core/node_modules/concat-map": {
      "version": "0.0.1",
      "inBundle": true,
      "license": "MIT",
      "peer": true
    },
    "node_modules/@aws-cdk/core/node_modules/fs-extra": {
      "version": "9.1.0",
      "inBundle": true,
      "license": "MIT",
      "peer": true,
      "dependencies": {
        "at-least-node": "^1.0.0",
        "graceful-fs": "^4.2.0",
        "jsonfile": "^6.0.1",
        "universalify": "^2.0.0"
      },
      "engines": {
        "node": ">=10"
      }
    },
    "node_modules/@aws-cdk/core/node_modules/graceful-fs": {
      "version": "4.2.6",
      "inBundle": true,
      "license": "ISC",
      "peer": true
    },
    "node_modules/@aws-cdk/core/node_modules/ignore": {
      "version": "5.1.8",
      "inBundle": true,
      "license": "MIT",
      "peer": true,
      "engines": {
        "node": ">= 4"
      }
    },
    "node_modules/@aws-cdk/core/node_modules/jsonfile": {
      "version": "6.1.0",
      "inBundle": true,
      "license": "MIT",
      "peer": true,
      "dependencies": {
        "universalify": "^2.0.0"
      },
      "optionalDependencies": {
        "graceful-fs": "^4.1.6"
      }
    },
    "node_modules/@aws-cdk/core/node_modules/minimatch": {
      "version": "3.0.4",
      "inBundle": true,
      "license": "ISC",
      "peer": true,
      "dependencies": {
        "brace-expansion": "^1.1.7"
      },
      "engines": {
        "node": "*"
      }
    },
    "node_modules/@aws-cdk/core/node_modules/universalify": {
      "version": "2.0.0",
      "inBundle": true,
      "license": "MIT",
      "peer": true,
      "engines": {
        "node": ">= 10.0.0"
      }
    },
    "node_modules/@aws-cdk/cx-api": {
      "version": "1.105.0",
      "resolved": "https://registry.npmjs.org/@aws-cdk/cx-api/-/cx-api-1.105.0.tgz",
      "integrity": "sha512-V5lA3ScpDkIcrWlhgu/kf1Q0zsB0NxrQ869fTza19OFwk8P5h1lZwq4un7F5T/qx2aLc3CuXi85ySHLpiO98nA==",
      "bundleDependencies": [
        "semver"
      ],
      "peer": true,
      "dependencies": {
        "@aws-cdk/cloud-assembly-schema": "1.105.0",
        "semver": "^7.3.5"
      },
      "engines": {
        "node": ">= 10.13.0 <13 || >=13.7.0"
      },
      "peerDependencies": {
        "@aws-cdk/cloud-assembly-schema": "1.105.0"
      }
    },
    "node_modules/@aws-cdk/cx-api/node_modules/lru-cache": {
      "version": "6.0.0",
      "inBundle": true,
      "license": "ISC",
      "peer": true,
      "dependencies": {
        "yallist": "^4.0.0"
      },
      "engines": {
        "node": ">=10"
      }
    },
    "node_modules/@aws-cdk/cx-api/node_modules/semver": {
      "version": "7.3.5",
      "inBundle": true,
      "license": "ISC",
      "peer": true,
      "dependencies": {
        "lru-cache": "^6.0.0"
      },
      "bin": {
        "semver": "bin/semver.js"
      },
      "engines": {
        "node": ">=10"
      }
    },
    "node_modules/@aws-cdk/cx-api/node_modules/yallist": {
      "version": "4.0.0",
      "inBundle": true,
      "license": "ISC",
      "peer": true
    },
    "node_modules/@aws-cdk/region-info": {
      "version": "1.105.0",
      "resolved": "https://registry.npmjs.org/@aws-cdk/region-info/-/region-info-1.105.0.tgz",
      "integrity": "sha512-QnHa8vcqo6VwLadgLV+/auVa6Q5QFtSwAfxDgwJDGMWLec+ZzYrWgVB3sdtgRcN3gKYYTLJ9QOg1Vqjv/+yAig==",
      "peer": true,
      "engines": {
        "node": ">= 10.13.0 <13 || >=13.7.0"
      }
    },
    "node_modules/constructs": {
      "version": "3.3.75",
      "resolved": "https://registry.npmjs.org/constructs/-/constructs-3.3.75.tgz",
      "integrity": "sha512-q10foASSSfDWmS99OQLfnWDXCzqLvoORISAVWPFg0AmIGlBv2ZdDOtXxLqrJARPxVlOldmW2JzWzdRI+4+0/ZA==",
      "peer": true,
      "engines": {
        "node": ">= 10.17.0"
      }
    }
  },
  "dependencies": {
    "@aws-cdk/aws-cloudwatch": {
      "version": "1.105.0",
      "resolved": "https://registry.npmjs.org/@aws-cdk/aws-cloudwatch/-/aws-cloudwatch-1.105.0.tgz",
      "integrity": "sha512-D3EoCQbKZFnTdgs0/g1XErWgECrerbXXqPhmrldR1jjuxv75eOk6JTH4l7kTB2GSkRZpvcPc9NEKBfzzvtTrSg==",
      "peer": true,
      "requires": {}
    },
    "@aws-cdk/aws-events": {
      "version": "1.105.0",
      "resolved": "https://registry.npmjs.org/@aws-cdk/aws-events/-/aws-events-1.105.0.tgz",
      "integrity": "sha512-HlBUnEphoTPt1KRcWxmc4orNMY+jU3s/AlndsUx0uzSQMfOCqfPVY2wPtglaWetCJ7zybnuho15k8dhf1aRK6A==",
      "peer": true,
      "requires": {}
    },
    "@aws-cdk/aws-iam": {
      "version": "1.105.0",
      "resolved": "https://registry.npmjs.org/@aws-cdk/aws-iam/-/aws-iam-1.105.0.tgz",
      "integrity": "sha512-I6d5Z9BR98pN116qGmTYtlK2yDCg6dzSiRYv1vnUqty2Q/KPPwLeIJdc1CI0tyon8o8mYK1ZV+STX24ChTaY7w==",
      "peer": true,
      "requires": {}
    },
    "@aws-cdk/aws-kms": {
      "version": "1.105.0",
      "resolved": "https://registry.npmjs.org/@aws-cdk/aws-kms/-/aws-kms-1.105.0.tgz",
      "integrity": "sha512-526GkjSHD/ylT+4X6JlcOa+ohBOTlqD3Z6vGYv1ahDR/chXNho4fdGf32cRKFU6zu/SAwLU6bjCQB4mVve1jCQ==",
      "peer": true,
      "requires": {}
    },
    "@aws-cdk/aws-sns": {
      "version": "1.105.0",
      "resolved": "https://registry.npmjs.org/@aws-cdk/aws-sns/-/aws-sns-1.105.0.tgz",
      "integrity": "sha512-x0fcRldfGNVe+gTRZX6/gkZaT1AEoYL1rYfl1kRsmW2V83SrqKsscKwJmTC2fJSod/Vkh7V56z/A8gN0nXwz3w==",
      "requires": {}
    },
    "@aws-cdk/aws-sqs": {
      "version": "1.105.0",
      "resolved": "https://registry.npmjs.org/@aws-cdk/aws-sqs/-/aws-sqs-1.105.0.tgz",
      "integrity": "sha512-eYGMah/lGkkW4gSipa0mcZndTx29C3Yit1U1UdTMz3guItnOlxVqEnT309dWW1N2+dfgiZo2ljZuk73Uyxa4kQ==",
      "peer": true,
      "requires": {}
    },
    "@aws-cdk/cloud-assembly-schema": {
      "version": "1.105.0",
      "resolved": "https://registry.npmjs.org/@aws-cdk/cloud-assembly-schema/-/cloud-assembly-schema-1.105.0.tgz",
      "integrity": "sha512-BEbnm1DK31thRfM+3oJEUifiZOkIxjWTdOUvQW6mtM6yq5iWsapRF1kXCFonpNIbL22moH/pxmVMo2qg9kzFQg==",
      "peer": true,
      "requires": {
        "jsonschema": "^1.4.0",
        "semver": "^7.3.5"
      },
      "dependencies": {
        "jsonschema": {
          "version": "1.4.0",
          "bundled": true,
          "peer": true
        },
        "lru-cache": {
          "version": "6.0.0",
          "bundled": true,
          "peer": true,
          "requires": {
            "yallist": "^4.0.0"
          }
        },
        "semver": {
          "version": "7.3.5",
          "bundled": true,
          "peer": true,
          "requires": {
            "lru-cache": "^6.0.0"
          }
        },
        "yallist": {
          "version": "4.0.0",
          "bundled": true,
          "peer": true
        }
      }
    },
    "@aws-cdk/core": {
      "version": "1.105.0",
      "resolved": "https://registry.npmjs.org/@aws-cdk/core/-/core-1.105.0.tgz",
      "integrity": "sha512-aMuGcm0xpTgIDFwD86mncAEHqcVxxzVcIPknbTMgOUoL99M/ykoOqwU8lmRZVEeKPmRiwFeBgfEvIsT9hJ6t/Q==",
      "peer": true,
      "requires": {
        "@balena/dockerignore": "^1.0.2",
        "fs-extra": "^9.1.0",
        "ignore": "^5.1.8",
        "minimatch": "^3.0.4"
      },
      "dependencies": {
        "@balena/dockerignore": {
          "version": "1.0.2",
          "bundled": true,
          "peer": true
        },
        "at-least-node": {
          "version": "1.0.0",
          "bundled": true,
          "peer": true
        },
        "balanced-match": {
          "version": "1.0.2",
          "bundled": true,
          "peer": true
        },
        "brace-expansion": {
          "version": "1.1.11",
          "bundled": true,
          "peer": true,
          "requires": {
            "balanced-match": "^1.0.0",
            "concat-map": "0.0.1"
          }
        },
        "concat-map": {
          "version": "0.0.1",
          "bundled": true,
          "peer": true
        },
        "fs-extra": {
          "version": "9.1.0",
          "bundled": true,
          "peer": true,
          "requires": {
            "at-least-node": "^1.0.0",
            "graceful-fs": "^4.2.0",
            "jsonfile": "^6.0.1",
            "universalify": "^2.0.0"
          }
        },
        "graceful-fs": {
          "version": "4.2.6",
          "bundled": true,
          "peer": true
        },
        "ignore": {
          "version": "5.1.8",
          "bundled": true,
          "peer": true
        },
        "jsonfile": {
          "version": "6.1.0",
          "bundled": true,
          "peer": true,
          "requires": {
            "graceful-fs": "^4.1.6",
            "universalify": "^2.0.0"
          }
        },
        "minimatch": {
          "version": "3.0.4",
          "bundled": true,
          "peer": true,
          "requires": {
            "brace-expansion": "^1.1.7"
          }
        },
        "universalify": {
          "version": "2.0.0",
          "bundled": true,
          "peer": true
        }
      }
    },
    "@aws-cdk/cx-api": {
      "version": "1.105.0",
      "resolved": "https://registry.npmjs.org/@aws-cdk/cx-api/-/cx-api-1.105.0.tgz",
      "integrity": "sha512-V5lA3ScpDkIcrWlhgu/kf1Q0zsB0NxrQ869fTza19OFwk8P5h1lZwq4un7F5T/qx2aLc3CuXi85ySHLpiO98nA==",
      "peer": true,
      "requires": {
        "semver": "^7.3.5"
      },
      "dependencies": {
        "lru-cache": {
          "version": "6.0.0",
          "bundled": true,
          "peer": true,
          "requires": {
            "yallist": "^4.0.0"
          }
        },
        "semver": {
          "version": "7.3.5",
          "bundled": true,
          "peer": true,
          "requires": {
            "lru-cache": "^6.0.0"
          }
        },
        "yallist": {
          "version": "4.0.0",
          "bundled": true,
          "peer": true
        }
      }
    },
    "@aws-cdk/region-info": {
      "version": "1.105.0",
      "resolved": "https://registry.npmjs.org/@aws-cdk/region-info/-/region-info-1.105.0.tgz",
      "integrity": "sha512-QnHa8vcqo6VwLadgLV+/auVa6Q5QFtSwAfxDgwJDGMWLec+ZzYrWgVB3sdtgRcN3gKYYTLJ9QOg1Vqjv/+yAig==",
      "peer": true
    },
    "constructs": {
      "version": "3.3.75",
      "resolved": "https://registry.npmjs.org/constructs/-/constructs-3.3.75.tgz",
      "integrity": "sha512-q10foASSSfDWmS99OQLfnWDXCzqLvoORISAVWPFg0AmIGlBv2ZdDOtXxLqrJARPxVlOldmW2JzWzdRI+4+0/ZA==",
      "peer": true
    }
  }
}
